
Microsoft Visual Studio Solution File, Format Version 12.00
# Visual Studio Version 17
VisualStudioVersion = 17.5.002.0
MinimumVisualStudioVersion = 10.0.40219.1
Project("{9A19103F-16F7-4668-BE54-9A1E7A4F7556}") = "Playground", "Playground.csproj", "{1CCC784A-CBAD-4C06-AE6C-41B8BA13B6A3}"
EndProject
Global
	GlobalSection(SolutionConfigurationPlatforms) = preSolution
		Debug|Any CPU = Debug|Any CPU
		Release|Any CPU = Release|Any CPU
	EndGlobalSection
	GlobalSection(ProjectConfigurationPlatforms) = postSolution
		{1CCC784A-CBAD-4C06-AE6C-41B8BA13B6A3}.Debug|Any CPU.ActiveCfg = Debug|Any CPU
		{1CCC784A-CBAD-4C06-AE6C-41B8BA13B6A3}.Debug|Any CPU.Build.0 = Debug|Any CPU
		{1CCC784A-CBAD-4C06-AE6C-41B8BA13B6A3}.Release|Any CPU.ActiveCfg = Release|Any CPU
		{1CCC784A-CBAD-4C06-AE6C-41B8BA13B6A3}.Release|Any CPU.Build.0 = Release|Any CPU
	EndGlobalSection
	GlobalSection(SolutionProperties) = preSolution
		HideSolutionNode = FALSE
	EndGlobalSection
	GlobalSection(ExtensibilityGlobals) = postSolution
		SolutionGuid = {3384FAB9-BAAB-4FAE-AABA-0039437518A5}
	EndGlobalSection
EndGlobal
